{
  "name": "badge-web-component",
  "lockfileVersion": 3,
  "requires": true,
  "packages": {
    "": {
      "dependencies": {
        "@linode/design-language-system": "^4.2.1"
      }
    },
    "node_modules/@linode/design-language-system": {
      "version": "4.2.1",
      "resolved": "https://registry.npmjs.org/@linode/design-language-system/-/design-language-system-4.2.1.tgz",
      "integrity": "sha512-6XxUd5dxWawexBBu+Y3RhpdVsY1yby/9yUvuIkacUpC50mvLRQVDH2VH9HHMYTO72CdWi1aUHCje7VRpyItqsA==",
      "license": "Apache-2.0"
    }
  }
}
